
Microsoft Visual Studio Solution File, Format Version 12.00
# Visual Studio 15
VisualStudioVersion = 15.0.26730.3
MinimumVisualStudioVersion = 10.0.40219.1
Project("{FAE04EC0-301F-11D3-BF4B-00C04F79EFBC}") = "Deneme", "Deneme\Deneme.csproj", "{F949CE8D-669D-47E6-B7CF-5624074E579E}"
EndProject
Global
	GlobalSection(SolutionConfigurationPlatforms) = preSolution
		Debug|Any CPU = Debug|Any CPU
		Release|Any CPU = Release|Any CPU
	EndGlobalSection
	GlobalSection(ProjectConfigurationPlatforms) = postSolution
		{F949CE8D-669D-47E6-B7CF-5624074E579E}.Debug|Any CPU.ActiveCfg = Debug|Any CPU
		{F949CE8D-669D-47E6-B7CF-5624074E579E}.Debug|Any CPU.Build.0 = Debug|Any CPU
		{F949CE8D-669D-47E6-B7CF-5624074E579E}.Release|Any CPU.ActiveCfg = Release|Any CPU
		{F949CE8D-669D-47E6-B7CF-5624074E579E}.Release|Any CPU.Build.0 = Release|Any CPU
	EndGlobalSection
	GlobalSection(SolutionProperties) = preSolution
		HideSolutionNode = FALSE
	EndGlobalSection
	GlobalSection(ExtensibilityGlobals) = postSolution
		SolutionGuid = {C044D965-FB2B-4879-9EC7-C3BD5F7A5EF4}
	EndGlobalSection
EndGlobal
